
Microsoft Visual Studio Solution File, Format Version 12.00
# Visual Studio Version 17
VisualStudioVersion = 17.14.36930.0 d17.14
MinimumVisualStudioVersion = 10.0.40219.1
Project("{FAE04EC0-301F-11D3-BF4B-00C04F79EFBC}") = "mini adventure game", "mini adventure game\mini adventure game.csproj", "{A2F71EA5-9E62-4569-8D4D-74041971FD41}"
EndProject
Global
	GlobalSection(SolutionConfigurationPlatforms) = preSolution
		Debug|Any CPU = Debug|Any CPU
		Release|Any CPU = Release|Any CPU
	EndGlobalSection
	GlobalSection(ProjectConfigurationPlatforms) = postSolution
		{A2F71EA5-9E62-4569-8D4D-74041971FD41}.Debug|Any CPU.ActiveCfg = Debug|Any CPU
		{A2F71EA5-9E62-4569-8D4D-74041971FD41}.Debug|Any CPU.Build.0 = Debug|Any CPU
		{A2F71EA5-9E62-4569-8D4D-74041971FD41}.Release|Any CPU.ActiveCfg = Release|Any CPU
		{A2F71EA5-9E62-4569-8D4D-74041971FD41}.Release|Any CPU.Build.0 = Release|Any CPU
	EndGlobalSection
	GlobalSection(SolutionProperties) = preSolution
		HideSolutionNode = FALSE
	EndGlobalSection
	GlobalSection(ExtensibilityGlobals) = postSolution
		SolutionGuid = {97621EA6-5AB5-4667-A18B-601C527B910C}
	EndGlobalSection
EndGlobal
